<Solution>
  <Folder Name="/Application/">
    <Project Path="MissionPlanner.csproj" />
    <Project Path="Plugin/PortableApi/MissionPlanner.PluginApi.csproj" />
  </Folder>
  <Folder Name="/Libraries/">
    <Project Path="ExtLibs/ArduPilot/MissionPlanner.ArduPilot.csproj" />
    <Project Path="ExtLibs/Arduino/Arduino.csproj" />
    <Project Path="ExtLibs/alglibnet/alglibnet.csproj" />
    <Project Path="ExtLibs/Comms/MissionPlanner.Comms.csproj" />
    <Project Path="ExtLibs/Core/Core.csproj" />
    <Project Path="ExtLibs/DroneCAN/DroneCAN.csproj" />
    <Project Path="ExtLibs/GeoUtility/GeoUtility.csproj" />
    <Project Path="ExtLibs/GMap.NET.Core/GMap.NET.Core.csproj" />
    <Project Path="ExtLibs/ICSharpCode.SharpZipLib/ICSharpCode.SharpZipLib.csproj" />
    <Project Path="ExtLibs/Interfaces/Interfaces.csproj" />
    <Project Path="ExtLibs/KMLib/KMLib.csproj" />
    <Project Path="ExtLibs/LibVLC.NET/LibVLC.NET.csproj" />
    <Project Path="ExtLibs/Mavlink/MAVLink.csproj" />
    <Project Path="ExtLibs/MissionPlanner.Drawing/MissionPlanner.Drawing.csproj" />
    <Project Path="ExtLibs/netDxf/netDxf.csproj" />
    <Project Path="ExtLibs/ProjNet/ProjNET.csproj" />
    <Project Path="ExtLibs/px4uploader/px4uploader.csproj" />
    <Project Path="ExtLibs/SharpKml/SharpKml.csproj" />
    <Project Path="ExtLibs/Strings/MissionPlanner.Strings.csproj" />
    <Project Path="ExtLibs/Utilities/MissionPlanner.Utilities.csproj" />
    <Project Path="ExtLibs/Zeroconf/Zeroconf/Zeroconf.csproj" />
  </Folder>
  <Folder Name="/Tests/Avalonia/">
    <Project Path="MissionPlannerTests/Avalonia/MissionPlanner.LegacyReference/MissionPlanner.LegacyReference.csproj" />
    <Project Path="MissionPlannerTests/Avalonia/MissionPlanner.LegacyTestPlugin/MissionPlanner.LegacyTestPlugin.csproj" />
    <Project Path="MissionPlannerTests/Avalonia/MissionPlanner.TestPlugin.Dependency/MissionPlanner.TestPlugin.Dependency.csproj" />
    <Project Path="MissionPlannerTests/Avalonia/MissionPlanner.TestPlugin/MissionPlanner.TestPlugin.csproj" />
    <Project Path="MissionPlannerTests/Avalonia/MissionPlanner.Tests/MissionPlanner.Tests.csproj" />
  </Folder>
</Solution>
